
Microsoft Visual Studio Solution File, Format Version 12.00
# Visual Studio Version 16
VisualStudioVersion = 16.0.32126.315
MinimumVisualStudioVersion = 10.0.40219.1
Project("{FAE04EC0-301F-11D3-BF4B-00C04F79EFBC}") = "dentro fora", "dentro fora\dentro fora.csproj", "{E913B425-58BF-40A5-9AA7-22ABBE4C6B66}"
EndProject
Global
	GlobalSection(SolutionConfigurationPlatforms) = preSolution
		Debug|Any CPU = Debug|Any CPU
		Release|Any CPU = Release|Any CPU
	EndGlobalSection
	GlobalSection(ProjectConfigurationPlatforms) = postSolution
		{E913B425-58BF-40A5-9AA7-22ABBE4C6B66}.Debug|Any CPU.ActiveCfg = Debug|Any CPU
		{E913B425-58BF-40A5-9AA7-22ABBE4C6B66}.Debug|Any CPU.Build.0 = Debug|Any CPU
		{E913B425-58BF-40A5-9AA7-22ABBE4C6B66}.Release|Any CPU.ActiveCfg = Release|Any CPU
		{E913B425-58BF-40A5-9AA7-22ABBE4C6B66}.Release|Any CPU.Build.0 = Release|Any CPU
	EndGlobalSection
	GlobalSection(SolutionProperties) = preSolution
		HideSolutionNode = FALSE
	EndGlobalSection
	GlobalSection(ExtensibilityGlobals) = postSolution
		SolutionGuid = {C9D5BF37-D233-494B-B70C-8D6A74F6AF25}
	EndGlobalSection
EndGlobal
