
Microsoft Visual Studio Solution File, Format Version 12.00
# Visual Studio Version 16
VisualStudioVersion = 16.0.32126.315
MinimumVisualStudioVersion = 10.0.40219.1
Project("{FAE04EC0-301F-11D3-BF4B-00C04F79EFBC}") = "numeros pares", "numeros pares\numeros pares.csproj", "{ACEE30BE-B9A6-4520-AA0C-66B0AF74F0C9}"
EndProject
Global
	GlobalSection(SolutionConfigurationPlatforms) = preSolution
		Debug|Any CPU = Debug|Any CPU
		Release|Any CPU = Release|Any CPU
	EndGlobalSection
	GlobalSection(ProjectConfigurationPlatforms) = postSolution
		{ACEE30BE-B9A6-4520-AA0C-66B0AF74F0C9}.Debug|Any CPU.ActiveCfg = Debug|Any CPU
		{ACEE30BE-B9A6-4520-AA0C-66B0AF74F0C9}.Debug|Any CPU.Build.0 = Debug|Any CPU
		{ACEE30BE-B9A6-4520-AA0C-66B0AF74F0C9}.Release|Any CPU.ActiveCfg = Release|Any CPU
		{ACEE30BE-B9A6-4520-AA0C-66B0AF74F0C9}.Release|Any CPU.Build.0 = Release|Any CPU
	EndGlobalSection
	GlobalSection(SolutionProperties) = preSolution
		HideSolutionNode = FALSE
	EndGlobalSection
	GlobalSection(ExtensibilityGlobals) = postSolution
		SolutionGuid = {01ED5BC7-8E73-4E10-99BC-419AD2FF5523}
	EndGlobalSection
EndGlobal
