
Microsoft Visual Studio Solution File, Format Version 12.00
# Visual Studio Version 16
VisualStudioVersion = 16.0.32126.315
MinimumVisualStudioVersion = 10.0.40219.1
Project("{FAE04EC0-301F-11D3-BF4B-00C04F79EFBC}") = "soma matrizes", "soma matrizes\soma matrizes.csproj", "{DC68F86A-1BAE-4AF6-94B0-87377582A584}"
EndProject
Global
	GlobalSection(SolutionConfigurationPlatforms) = preSolution
		Debug|Any CPU = Debug|Any CPU
		Release|Any CPU = Release|Any CPU
	EndGlobalSection
	GlobalSection(ProjectConfigurationPlatforms) = postSolution
		{DC68F86A-1BAE-4AF6-94B0-87377582A584}.Debug|Any CPU.ActiveCfg = Debug|Any CPU
		{DC68F86A-1BAE-4AF6-94B0-87377582A584}.Debug|Any CPU.Build.0 = Debug|Any CPU
		{DC68F86A-1BAE-4AF6-94B0-87377582A584}.Release|Any CPU.ActiveCfg = Release|Any CPU
		{DC68F86A-1BAE-4AF6-94B0-87377582A584}.Release|Any CPU.Build.0 = Release|Any CPU
	EndGlobalSection
	GlobalSection(SolutionProperties) = preSolution
		HideSolutionNode = FALSE
	EndGlobalSection
	GlobalSection(ExtensibilityGlobals) = postSolution
		SolutionGuid = {C5F52052-D898-4A5B-AC5C-94021D0D028D}
	EndGlobalSection
EndGlobal
